
Microsoft Visual Studio Solution File, Format Version 11.00
# Visual Studio 2010
Project("{FAE04EC0-301F-11D3-BF4B-00C04F79EFBC}") = "OrderManagementApp", "OrderManagementApp\OrderManagementApp.csproj", "{4E9B5499-6D24-4DA1-914C-D09F33A01860}"
EndProject
Global
	GlobalSection(SolutionConfigurationPlatforms) = preSolution
		Debug|x86 = Debug|x86
		Release|x86 = Release|x86
	EndGlobalSection
	GlobalSection(ProjectConfigurationPlatforms) = postSolution
		{4E9B5499-6D24-4DA1-914C-D09F33A01860}.Debug|x86.ActiveCfg = Debug|x86
		{4E9B5499-6D24-4DA1-914C-D09F33A01860}.Debug|x86.Build.0 = Debug|x86
		{4E9B5499-6D24-4DA1-914C-D09F33A01860}.Release|x86.ActiveCfg = Release|x86
		{4E9B5499-6D24-4DA1-914C-D09F33A01860}.Release|x86.Build.0 = Release|x86
	EndGlobalSection
	GlobalSection(SolutionProperties) = preSolution
		HideSolutionNode = FALSE
	EndGlobalSection
EndGlobal
