
Microsoft Visual Studio Solution File, Format Version 11.00
# Visual Studio 2010
Project("{FAE04EC0-301F-11D3-BF4B-00C04F79EFBC}") = "SerializationDemo", "SerializationDemo\SerializationDemo.csproj", "{A594C858-063D-41F4-BBB2-FD4B3DC8FA44}"
EndProject
Global
	GlobalSection(SolutionConfigurationPlatforms) = preSolution
		Debug|x86 = Debug|x86
		Release|x86 = Release|x86
	EndGlobalSection
	GlobalSection(ProjectConfigurationPlatforms) = postSolution
		{A594C858-063D-41F4-BBB2-FD4B3DC8FA44}.Debug|x86.ActiveCfg = Debug|x86
		{A594C858-063D-41F4-BBB2-FD4B3DC8FA44}.Debug|x86.Build.0 = Debug|x86
		{A594C858-063D-41F4-BBB2-FD4B3DC8FA44}.Release|x86.ActiveCfg = Release|x86
		{A594C858-063D-41F4-BBB2-FD4B3DC8FA44}.Release|x86.Build.0 = Release|x86
	EndGlobalSection
	GlobalSection(SolutionProperties) = preSolution
		HideSolutionNode = FALSE
	EndGlobalSection
EndGlobal
